
Microsoft Visual Studio Solution File, Format Version 12.00
# Visual Studio Version 17
VisualStudioVersion = 17.10.34916.146
MinimumVisualStudioVersion = 10.0.40219.1
Project("{9A19103F-16F7-4668-BE54-9A1E7A4F7556}") = "HanamiAPI", "HanamiAPI.csproj", "{E5BF269F-32E9-4032-872F-6F498E7C835D}"
EndProject
Global
	GlobalSection(SolutionConfigurationPlatforms) = preSolution
		Debug|Any CPU = Debug|Any CPU
		Release|Any CPU = Release|Any CPU
	EndGlobalSection
	GlobalSection(ProjectConfigurationPlatforms) = postSolution
		{E5BF269F-32E9-4032-872F-6F498E7C835D}.Debug|Any CPU.ActiveCfg = Debug|Any CPU
		{E5BF269F-32E9-4032-872F-6F498E7C835D}.Debug|Any CPU.Build.0 = Debug|Any CPU
		{E5BF269F-32E9-4032-872F-6F498E7C835D}.Release|Any CPU.ActiveCfg = Release|Any CPU
		{E5BF269F-32E9-4032-872F-6F498E7C835D}.Release|Any CPU.Build.0 = Release|Any CPU
	EndGlobalSection
	GlobalSection(SolutionProperties) = preSolution
		HideSolutionNode = FALSE
	EndGlobalSection
	GlobalSection(ExtensibilityGlobals) = postSolution
		SolutionGuid = {DB4B9F5C-B3C2-4507-B8AA-1DC856FEC3E0}
	EndGlobalSection
EndGlobal
